
Microsoft Visual Studio Solution File, Format Version 12.00
# Visual Studio 15
VisualStudioVersion = 15.0.26430.6
MinimumVisualStudioVersion = 10.0.40219.1
Project("{2150E333-8FDC-42A3-9474-1A3956D46DE8}") = ".nuget", ".nuget", "{7FC363C9-6ADE-45BB-A308-28D943E0A174}"
	ProjectSection(SolutionItems) = preProject
		.nuget\NuGet.Config = .nuget\NuGet.Config
		.nuget\NuGet.exe = .nuget\NuGet.exe
		.nuget\NuGet.targets = .nuget\NuGet.targets
	EndProjectSection
EndProject
Project("{FAE04EC0-301F-11D3-BF4B-00C04F79EFBC}") = "Libs_FinalC-L", "Libs_FinalC-L\Libs_FinalC-L.csproj", "{326E01CC-2DC3-4C71-A62B-58A53563C6B6}"
EndProject
Project("{FAE04EC0-301F-11D3-BF4B-00C04F79EFBC}") = "Client", "Client\Client.csproj", "{F9511D7F-8A52-48FC-9313-4B1501322CF8}"
EndProject
Project("{FAE04EC0-301F-11D3-BF4B-00C04F79EFBC}") = "Server", "Server\Server.csproj", "{42BCD77D-72F0-4058-92FD-2D45358744F6}"
EndProject
Global
	GlobalSection(SolutionConfigurationPlatforms) = preSolution
		Debug|Any CPU = Debug|Any CPU
		Release|Any CPU = Release|Any CPU
	EndGlobalSection
	GlobalSection(ProjectConfigurationPlatforms) = postSolution
		{326E01CC-2DC3-4C71-A62B-58A53563C6B6}.Debug|Any CPU.ActiveCfg = Debug|Any CPU
		{326E01CC-2DC3-4C71-A62B-58A53563C6B6}.Debug|Any CPU.Build.0 = Debug|Any CPU
		{326E01CC-2DC3-4C71-A62B-58A53563C6B6}.Release|Any CPU.ActiveCfg = Release|Any CPU
		{326E01CC-2DC3-4C71-A62B-58A53563C6B6}.Release|Any CPU.Build.0 = Release|Any CPU
		{F9511D7F-8A52-48FC-9313-4B1501322CF8}.Debug|Any CPU.ActiveCfg = Debug|Any CPU
		{F9511D7F-8A52-48FC-9313-4B1501322CF8}.Debug|Any CPU.Build.0 = Debug|Any CPU
		{F9511D7F-8A52-48FC-9313-4B1501322CF8}.Release|Any CPU.ActiveCfg = Release|Any CPU
		{F9511D7F-8A52-48FC-9313-4B1501322CF8}.Release|Any CPU.Build.0 = Release|Any CPU
		{42BCD77D-72F0-4058-92FD-2D45358744F6}.Debug|Any CPU.ActiveCfg = Debug|Any CPU
		{42BCD77D-72F0-4058-92FD-2D45358744F6}.Debug|Any CPU.Build.0 = Debug|Any CPU
		{42BCD77D-72F0-4058-92FD-2D45358744F6}.Release|Any CPU.ActiveCfg = Release|Any CPU
		{42BCD77D-72F0-4058-92FD-2D45358744F6}.Release|Any CPU.Build.0 = Release|Any CPU
	EndGlobalSection
	GlobalSection(SolutionProperties) = preSolution
		HideSolutionNode = FALSE
	EndGlobalSection
EndGlobal
